
Microsoft Visual Studio Solution File, Format Version 12.00
# Visual Studio Version 17
VisualStudioVersion = 17.1.32407.343
MinimumVisualStudioVersion = 10.0.40219.1
Project("{FAE04EC0-301F-11D3-BF4B-00C04F79EFBC}") = "Hallo2", "Hallo2\Hallo2.csproj", "{52DF5A2B-4400-4A14-B5EA-6F5552FD290D}"
EndProject
Project("{FAE04EC0-301F-11D3-BF4B-00C04F79EFBC}") = "News", "News\News.csproj", "{424EC475-1B00-4D45-B780-5358B1153C6D}"
EndProject
Global
	GlobalSection(SolutionConfigurationPlatforms) = preSolution
		Debug|Any CPU = Debug|Any CPU
		Release|Any CPU = Release|Any CPU
	EndGlobalSection
	GlobalSection(ProjectConfigurationPlatforms) = postSolution
		{52DF5A2B-4400-4A14-B5EA-6F5552FD290D}.Debug|Any CPU.ActiveCfg = Debug|Any CPU
		{52DF5A2B-4400-4A14-B5EA-6F5552FD290D}.Debug|Any CPU.Build.0 = Debug|Any CPU
		{52DF5A2B-4400-4A14-B5EA-6F5552FD290D}.Release|Any CPU.ActiveCfg = Release|Any CPU
		{52DF5A2B-4400-4A14-B5EA-6F5552FD290D}.Release|Any CPU.Build.0 = Release|Any CPU
		{424EC475-1B00-4D45-B780-5358B1153C6D}.Debug|Any CPU.ActiveCfg = Debug|Any CPU
		{424EC475-1B00-4D45-B780-5358B1153C6D}.Debug|Any CPU.Build.0 = Debug|Any CPU
		{424EC475-1B00-4D45-B780-5358B1153C6D}.Release|Any CPU.ActiveCfg = Release|Any CPU
		{424EC475-1B00-4D45-B780-5358B1153C6D}.Release|Any CPU.Build.0 = Release|Any CPU
	EndGlobalSection
	GlobalSection(SolutionProperties) = preSolution
		HideSolutionNode = FALSE
	EndGlobalSection
	GlobalSection(ExtensibilityGlobals) = postSolution
		SolutionGuid = {09829E1B-623F-4AE6-84CD-AF888C3DAFBE}
	EndGlobalSection
EndGlobal
